// !$*UTF8*$!
{
	archiveVersion = 1;
	classes = {
	};
	objectVersion = 56;
	objects = {

/* Begin PBXBuildFile section */
		D51090672A7AEEAC003CC11E /* Alamofire in Frameworks */ = {isa = PBXBuildFile; productRef = D51090662A7AEEAC003CC11E /* Alamofire */; };
		D5D414822A4F7A7700252619 /* AppDelegate.swift in Sources */ = {isa = PBXBuildFile; fileRef = D5D414812A4F7A7700252619 /* AppDelegate.swift */; };
		D5D414842A4F7A7700252619 /* SceneDelegate.swift in Sources */ = {isa = PBXBuildFile; fileRef = D5D414832A4F7A7700252619 /* SceneDelegate.swift */; };
		D5D414892A4F7A7700252619 /* Main.storyboard in Resources */ = {isa = PBXBuildFile; fileRef = D5D414872A4F7A7700252619 /* Main.storyboard */; };
		D5D4148B2A4F7A7900252619 /* Assets.xcassets in Resources */ = {isa = PBXBuildFile; fileRef = D5D4148A2A4F7A7900252619 /* Assets.xcassets */; };
		D5D4148E2A4F7A7900252619 /* LaunchScreen.storyboard in Resources */ = {isa = PBXBuildFile; fileRef = D5D4148C2A4F7A7900252619 /* LaunchScreen.storyboard */; };
		D5D414962A5CA35000252619 /* FortsSecurity.swift in Sources */ = {isa = PBXBuildFile; fileRef = D5D414952A5CA35000252619 /* FortsSecurity.swift */; };
		D5D414982A633E7200252619 /* NetworkManager.swift in Sources */ = {isa = PBXBuildFile; fileRef = D5D414972A633E7200252619 /* NetworkManager.swift */; };
		D5D4149A2A63BF7200252619 /* FortsViewController.swift in Sources */ = {isa = PBXBuildFile; fileRef = D5D414992A63BF7200252619 /* FortsViewController.swift */; };
		D5D4149C2A63D53B00252619 /* FortsCellView.swift in Sources */ = {isa = PBXBuildFile; fileRef = D5D4149B2A63D53B00252619 /* FortsCellView.swift */; };
/* End PBXBuildFile section */

/* Begin PBXFileReference section */
		D5D4147E2A4F7A7700252619 /* hwSB303.app */ = {isa = PBXFileReference; explicitFileType = wrapper.application; includeInIndex = 0; path = hwSB303.app; sourceTree = BUILT_PRODUCTS_DIR; };
		D5D414812A4F7A7700252619 /* AppDelegate.swift */ = {isa = PBXFileReference; lastKnownFileType = sourcecode.swift; path = AppDelegate.swift; sourceTree = "<group>"; };
		D5D414832A4F7A7700252619 /* SceneDelegate.swift */ = {isa = PBXFileReference; lastKnownFileType = sourcecode.swift; path = SceneDelegate.swift; sourceTree = "<group>"; };
		D5D414882A4F7A7700252619 /* Base */ = {isa = PBXFileReference; lastKnownFileType = file.storyboard; name = Base; path = Base.lproj/Main.storyboard; sourceTree = "<group>"; };
		D5D4148A2A4F7A7900252619 /* Assets.xcassets */ = {isa = PBXFileReference; lastKnownFileType = folder.assetcatalog; path = Assets.xcassets; sourceTree = "<group>"; };
		D5D4148D2A4F7A7900252619 /* Base */ = {isa = PBXFileReference; lastKnownFileType = file.storyboard; name = Base; path = Base.lproj/LaunchScreen.storyboard; sourceTree = "<group>"; };
		D5D4148F2A4F7A7900252619 /* Info.plist */ = {isa = PBXFileReference; lastKnownFileType = text.plist.xml; path = Info.plist; sourceTree = "<group>"; };
		D5D414952A5CA35000252619 /* FortsSecurity.swift */ = {isa = PBXFileReference; lastKnownFileType = sourcecode.swift; path = FortsSecurity.swift; sourceTree = "<group>"; };
		D5D414972A633E7200252619 /* NetworkManager.swift */ = {isa = PBXFileReference; lastKnownFileType = sourcecode.swift; path = NetworkManager.swift; sourceTree = "<group>"; };
		D5D414992A63BF7200252619 /* FortsViewController.swift */ = {isa = PBXFileReference; lastKnownFileType = sourcecode.swift; path = FortsViewController.swift; sourceTree = "<group>"; };
		D5D4149B2A63D53B00252619 /* FortsCellView.swift */ = {isa = PBXFileReference; lastKnownFileType = sourcecode.swift; path = FortsCellView.swift; sourceTree = "<group>"; };
/* End PBXFileReference section */

/* Begin PBXFrameworksBuildPhase section */
		D5D4147B2A4F7A7700252619 /* Frameworks */ = {
			isa = PBXFrameworksBuildPhase;
			buildActionMask = 2147483647;
			files = (
				D51090672A7AEEAC003CC11E /* Alamofire in Frameworks */,
			);
			runOnlyForDeploymentPostprocessing = 0;
		};
/* End PBXFrameworksBuildPhase section */

/* Begin PBXGroup section */
		D588ED882A672FE70019B290 /* ViewControllers */ = {
			isa = PBXGroup;
			children = (
				D5D414992A63BF7200252619 /* FortsViewController.swift */,
			);
			path = ViewControllers;
			sourceTree = "<group>";
		};
		D588ED892A6730070019B290 /* App */ = {
			isa = PBXGroup;
			children = (
				D5D414812A4F7A7700252619 /* AppDelegate.swift */,
				D5D414832A4F7A7700252619 /* SceneDelegate.swift */,
				D5D4148F2A4F7A7900252619 /* Info.plist */,
			);
			path = App;
			sourceTree = "<group>";
		};
		D588ED8A2A6730260019B290 /* Resources */ = {
			isa = PBXGroup;
			children = (
				D5D4148A2A4F7A7900252619 /* Assets.xcassets */,
			);
			path = Resources;
			sourceTree = "<group>";
		};
		D588ED8B2A67303C0019B290 /* Storyboards */ = {
			isa = PBXGroup;
			children = (
				D5D414872A4F7A7700252619 /* Main.storyboard */,
				D5D4148C2A4F7A7900252619 /* LaunchScreen.storyboard */,
			);
			path = Storyboards;
			sourceTree = "<group>";
		};
		D588ED8C2A6730530019B290 /* Views */ = {
			isa = PBXGroup;
			children = (
				D5D4149B2A63D53B00252619 /* FortsCellView.swift */,
			);
			path = Views;
			sourceTree = "<group>";
		};
		D588ED8D2A67306D0019B290 /* Models */ = {
			isa = PBXGroup;
			children = (
				D5D414952A5CA35000252619 /* FortsSecurity.swift */,
			);
			path = Models;
			sourceTree = "<group>";
		};
		D588ED8E2A6730910019B290 /* Services */ = {
			isa = PBXGroup;
			children = (
				D5D414972A633E7200252619 /* NetworkManager.swift */,
			);
			path = Services;
			sourceTree = "<group>";
		};
		D5D414752A4F7A7700252619 = {
			isa = PBXGroup;
			children = (
				D5D414802A4F7A7700252619 /* hwSB303 */,
				D5D4147F2A4F7A7700252619 /* Products */,
			);
			sourceTree = "<group>";
		};
		D5D4147F2A4F7A7700252619 /* Products */ = {
			isa = PBXGroup;
			children = (
				D5D4147E2A4F7A7700252619 /* hwSB303.app */,
			);
			name = Products;
			sourceTree = "<group>";
		};
		D5D414802A4F7A7700252619 /* hwSB303 */ = {
			isa = PBXGroup;
			children = (
				D588ED8E2A6730910019B290 /* Services */,
				D588ED882A672FE70019B290 /* ViewControllers */,
				D588ED8D2A67306D0019B290 /* Models */,
				D588ED8C2A6730530019B290 /* Views */,
				D588ED8B2A67303C0019B290 /* Storyboards */,
				D588ED8A2A6730260019B290 /* Resources */,
				D588ED892A6730070019B290 /* App */,
			);
			path = hwSB303;
			sourceTree = "<group>";
		};
/* End PBXGroup section */

/* Begin PBXNativeTarget section */
		D5D4147D2A4F7A7700252619 /* hwSB303 */ = {
			isa = PBXNativeTarget;
			buildConfigurationList = D5D414922A4F7A7900252619 /* Build configuration list for PBXNativeTarget "hwSB303" */;
			buildPhases = (
				D5D4147A2A4F7A7700252619 /* Sources */,
				D5D4147B2A4F7A7700252619 /* Frameworks */,
				D5D4147C2A4F7A7700252619 /* Resources */,
			);
			buildRules = (
			);
			dependencies = (
			);
			name = hwSB303;
			packageProductDependencies = (
				D51090662A7AEEAC003CC11E /* Alamofire */,
			);
			productName = hwSB303;
			productReference = D5D4147E2A4F7A7700252619 /* hwSB303.app */;
			productType = "com.apple.product-type.application";
		};
/* End PBXNativeTarget section */

/* Begin PBXProject section */
		D5D414762A4F7A7700252619 /* Project object */ = {
			isa = PBXProject;
			attributes = {
				BuildIndependentTargetsInParallel = 1;
				LastSwiftUpdateCheck = 1430;
				LastUpgradeCheck = 1430;
				TargetAttributes = {
					D5D4147D2A4F7A7700252619 = {
						CreatedOnToolsVersion = 14.3.1;
					};
				};
			};
			buildConfigurationList = D5D414792A4F7A7700252619 /* Build configuration list for PBXProject "hwSB303" */;
			compatibilityVersion = "Xcode 14.0";
			developmentRegion = en;
			hasScannedForEncodings = 0;
			knownRegions = (
				en,
				Base,
			);
			mainGroup = D5D414752A4F7A7700252619;
			packageReferences = (
				D51090652A7AEEAC003CC11E /* XCRemoteSwiftPackageReference "Alamofire" */,
			);
			productRefGroup = D5D4147F2A4F7A7700252619 /* Products */;
			projectDirPath = "";
			projectRoot = "";
			targets = (
				D5D4147D2A4F7A7700252619 /* hwSB303 */,
			);
		};
/* End PBXProject section */

/* Begin PBXResourcesBuildPhase section */
		D5D4147C2A4F7A7700252619 /* Resources */ = {
			isa = PBXResourcesBuildPhase;
			buildActionMask = 2147483647;
			files = (
				D5D4148E2A4F7A7900252619 /* LaunchScreen.storyboard in Resources */,
				D5D4148B2A4F7A7900252619 /* Assets.xcassets in Resources */,
				D5D414892A4F7A7700252619 /* Main.storyboard in Resources */,
			);
			runOnlyForDeploymentPostprocessing = 0;
		};
/* End PBXResourcesBuildPhase section */

/* Begin PBXSourcesBuildPhase section */
		D5D4147A2A4F7A7700252619 /* Sources */ = {
			isa = PBXSourcesBuildPhase;
			buildActionMask = 2147483647;
			files = (
				D5D4149A2A63BF7200252619 /* FortsViewController.swift in Sources */,
				D5D414962A5CA35000252619 /* FortsSecurity.swift in Sources */,
				D5D414982A633E7200252619 /* NetworkManager.swift in Sources */,
				D5D4149C2A63D53B00252619 /* FortsCellView.swift in Sources */,
				D5D414822A4F7A7700252619 /* AppDelegate.swift in Sources */,
				D5D414842A4F7A7700252619 /* SceneDelegate.swift in Sources */,
			);
			runOnlyForDeploymentPostprocessing = 0;
		};
/* End PBXSourcesBuildPhase section */

/* Begin PBXVariantGroup section */
		D5D414872A4F7A7700252619 /* Main.storyboard */ = {
			isa = PBXVariantGroup;
			children = (
				D5D414882A4F7A7700252619 /* Base */,
			);
			name = Main.storyboard;
			sourceTree = "<group>";
		};
		D5D4148C2A4F7A7900252619 /* LaunchScreen.storyboard */ = {
			isa = PBXVariantGroup;
			children = (
				D5D4148D2A4F7A7900252619 /* Base */,
			);
			name = LaunchScreen.storyboard;
			sourceTree = "<group>";
		};
/* End PBXVariantGroup section */

/* Begin XCBuildConfiguration section */
		D5D414902A4F7A7900252619 /* Debug */ = {
			isa = XCBuildConfiguration;
			buildSettings = {
				ALWAYS_SEARCH_USER_PATHS = NO;
				CLANG_ANALYZER_NONNULL = YES;
				CLANG_ANALYZER_NUMBER_OBJECT_CONVERSION = YES_AGGRESSIVE;
				CLANG_CXX_LANGUAGE_STANDARD = "gnu++20";
				CLANG_ENABLE_MODULES = YES;
				CLANG_ENABLE_OBJC_ARC = YES;
				CLANG_ENABLE_OBJC_WEAK = YES;
				CLANG_WARN_BLOCK_CAPTURE_AUTORELEASING = YES;
				CLANG_WARN_BOOL_CONVERSION = YES;
				CLANG_WARN_COMMA = YES;
				CLANG_WARN_CONSTANT_CONVERSION = YES;
				CLANG_WARN_DEPRECATED_OBJC_IMPLEMENTATIONS = YES;
				CLANG_WARN_DIRECT_OBJC_ISA_USAGE = YES_ERROR;
				CLANG_WARN_DOCUMENTATION_COMMENTS = YES;
				CLANG_WARN_EMPTY_BODY = YES;
				CLANG_WARN_ENUM_CONVERSION = YES;
				CLANG_WARN_INFINITE_RECURSION = YES;
				CLANG_WARN_INT_CONVERSION = YES;
				CLANG_WARN_NON_LITERAL_NULL_CONVERSION = YES;
				CLANG_WARN_OBJC_IMPLICIT_RETAIN_SELF = YES;
				CLANG_WARN_OBJC_LITERAL_CONVERSION = YES;
				CLANG_WARN_OBJC_ROOT_CLASS = YES_ERROR;
				CLANG_WARN_QUOTED_INCLUDE_IN_FRAMEWORK_HEADER = YES;
				CLANG_WARN_RANGE_LOOP_ANALYSIS = YES;
				CLANG_WARN_STRICT_PROTOTYPES = YES;
				CLANG_WARN_SUSPICIOUS_MOVE = YES;
				CLANG_WARN_UNGUARDED_AVAILABILITY = YES_AGGRESSIVE;
				CLANG_WARN_UNREACHABLE_CODE = YES;
				CLANG_WARN__DUPLICATE_METHOD_MATCH = YES;
				COPY_PHASE_STRIP = NO;
				DEBUG_INFORMATION_FORMAT = dwarf;
				ENABLE_STRICT_OBJC_MSGSEND = YES;
				ENABLE_TESTABILITY = YES;
				GCC_C_LANGUAGE_STANDARD = gnu11;
				GCC_DYNAMIC_NO_PIC = NO;
				GCC_NO_COMMON_BLOCKS = YES;
				GCC_OPTIMIZATION_LEVEL = 0;
				GCC_PREPROCESSOR_DEFINITIONS = (
					"DEBUG=1",
					"$(inherited)",
				);
				GCC_WARN_64_TO_32_BIT_CONVERSION = YES;
				GCC_WARN_ABOUT_RETURN_TYPE = YES_ERROR;
				GCC_WARN_UNDECLARED_SELECTOR = YES;
				GCC_WARN_UNINITIALIZED_AUTOS = YES_AGGRESSIVE;
				GCC_WARN_UNUSED_FUNCTION = YES;
				GCC_WARN_UNUSED_VARIABLE = YES;
				INFOPLIST_FILE = hwSB303/App/Info.plist;
				IPHONEOS_DEPLOYMENT_TARGET = 16.4;
				MTL_ENABLE_DEBUG_INFO = INCLUDE_SOURCE;
				MTL_FAST_MATH = YES;
				ONLY_ACTIVE_ARCH = YES;
				SDKROOT = iphoneos;
				SWIFT_ACTIVE_COMPILATION_CONDITIONS = DEBUG;
				SWIFT_OPTIMIZATION_LEVEL = "-Onone";
			};
			name = Debug;
		};
		D5D414912A4F7A7900252619 /* Release */ = {
			isa = XCBuildConfiguration;
			buildSettings = {
				ALWAYS_SEARCH_USER_PATHS = NO;
				CLANG_ANALYZER_NONNULL = YES;
				CLANG_ANALYZER_NUMBER_OBJECT_CONVERSION = YES_AGGRESSIVE;
				CLANG_CXX_LANGUAGE_STANDARD = "gnu++20";
				CLANG_ENABLE_MODULES = YES;
				CLANG_ENABLE_OBJC_ARC = YES;
				CLANG_ENABLE_OBJC_WEAK = YES;
				CLANG_WARN_BLOCK_CAPTURE_AUTORELEASING = YES;
				CLANG_WARN_BOOL_CONVERSION = YES;
				CLANG_WARN_COMMA = YES;
				CLANG_WARN_CONSTANT_CONVERSION = YES;
				CLANG_WARN_DEPRECATED_OBJC_IMPLEMENTATIONS = YES;
				CLANG_WARN_DIRECT_OBJC_ISA_USAGE = YES_ERROR;
				CLANG_WARN_DOCUMENTATION_COMMENTS = YES;
				CLANG_WARN_EMPTY_BODY = YES;
				CLANG_WARN_ENUM_CONVERSION = YES;
				CLANG_WARN_INFINITE_RECURSION = YES;
				CLANG_WARN_INT_CONVERSION = YES;
				CLANG_WARN_NON_LITERAL_NULL_CONVERSION = YES;
				CLANG_WARN_OBJC_IMPLICIT_RETAIN_SELF = YES;
				CLANG_WARN_OBJC_LITERAL_CONVERSION = YES;
				CLANG_WARN_OBJC_ROOT_CLASS = YES_ERROR;
				CLANG_WARN_QUOTED_INCLUDE_IN_FRAMEWORK_HEADER = YES;
				CLANG_WARN_RANGE_LOOP_ANALYSIS = YES;
				CLANG_WARN_STRICT_PROTOTYPES = YES;
				CLANG_WARN_SUSPICIOUS_MOVE = YES;
				CLANG_WARN_UNGUARDED_AVAILABILITY = YES_AGGRESSIVE;
				CLANG_WARN_UNREACHABLE_CODE = YES;
				CLANG_WARN__DUPLICATE_METHOD_MATCH = YES;
				COPY_PHASE_STRIP = NO;
				DEBUG_INFORMATION_FORMAT = "dwarf-with-dsym";
				ENABLE_NS_ASSERTIONS = NO;
				ENABLE_STRICT_OBJC_MSGSEND = YES;
				GCC_C_LANGUAGE_STANDARD = gnu11;
				GCC_NO_COMMON_BLOCKS = YES;
				GCC_WARN_64_TO_32_BIT_CONVERSION = YES;
				GCC_WARN_ABOUT_RETURN_TYPE = YES_ERROR;
				GCC_WARN_UNDECLARED_SELECTOR = YES;
				GCC_WARN_UNINITIALIZED_AUTOS = YES_AGGRESSIVE;
				GCC_WARN_UNUSED_FUNCTION = YES;
				GCC_WARN_UNUSED_VARIABLE = YES;
				INFOPLIST_FILE = hwSB303/App/Info.plist;
				IPHONEOS_DEPLOYMENT_TARGET = 16.4;
				MTL_ENABLE_DEBUG_INFO = NO;
				MTL_FAST_MATH = YES;
				SDKROOT = iphoneos;
				SWIFT_COMPILATION_MODE = wholemodule;
				SWIFT_OPTIMIZATION_LEVEL = "-O";
				VALIDATE_PRODUCT = YES;
			};
			name = Release;
		};
		D5D414932A4F7A7900252619 /* Debug */ = {
			isa = XCBuildConfiguration;
			buildSettings = {
				ASSETCATALOG_COMPILER_APPICON_NAME = AppIcon;
				ASSETCATALOG_COMPILER_GLOBAL_ACCENT_COLOR_NAME = AccentColor;
				CODE_SIGN_STYLE = Automatic;
				CURRENT_PROJECT_VERSION = 1;
				GENERATE_INFOPLIST_FILE = YES;
				INFOPLIST_FILE = "$(TARGET_NAME)/App/Info.plist";
				INFOPLIST_KEY_CFBundleDisplayName = FortsInfo;
				INFOPLIST_KEY_UIApplicationSupportsIndirectInputEvents = YES;
				INFOPLIST_KEY_UILaunchStoryboardName = LaunchScreen;
				INFOPLIST_KEY_UIMainStoryboardFile = Main;
				INFOPLIST_KEY_UISupportedInterfaceOrientations = UIInterfaceOrientationPortrait;
				INFOPLIST_KEY_UISupportedInterfaceOrientations_iPad = "UIInterfaceOrientationLandscapeLeft UIInterfaceOrientationLandscapeRight UIInterfaceOrientationPortrait UIInterfaceOrientationPortraitUpsideDown";
				LD_RUNPATH_SEARCH_PATHS = (
					"$(inherited)",
					"@executable_path/Frameworks",
				);
				MARKETING_VERSION = 1.0;
				PRODUCT_BUNDLE_IDENTIFIER = org.sesoft.hwSB303;
				PRODUCT_NAME = "$(TARGET_NAME)";
				SUPPORTED_PLATFORMS = "iphoneos iphonesimulator";
				SUPPORTS_MACCATALYST = NO;
				SUPPORTS_MAC_DESIGNED_FOR_IPHONE_IPAD = NO;
				SWIFT_EMIT_LOC_STRINGS = YES;
				SWIFT_VERSION = 5.0;
				TARGETED_DEVICE_FAMILY = 1;
			};
			name = Debug;
		};
		D5D414942A4F7A7900252619 /* Release */ = {
			isa = XCBuildConfiguration;
			buildSettings = {
				ASSETCATALOG_COMPILER_APPICON_NAME = AppIcon;
				ASSETCATALOG_COMPILER_GLOBAL_ACCENT_COLOR_NAME = AccentColor;
				CODE_SIGN_STYLE = Automatic;
				CURRENT_PROJECT_VERSION = 1;
				GENERATE_INFOPLIST_FILE = YES;
				INFOPLIST_FILE = "$(TARGET_NAME)/App/Info.plist";
				INFOPLIST_KEY_CFBundleDisplayName = FortsInfo;
				INFOPLIST_KEY_UIApplicationSupportsIndirectInputEvents = YES;
				INFOPLIST_KEY_UILaunchStoryboardName = LaunchScreen;
				INFOPLIST_KEY_UIMainStoryboardFile = Main;
				INFOPLIST_KEY_UISupportedInterfaceOrientations = UIInterfaceOrientationPortrait;
				INFOPLIST_KEY_UISupportedInterfaceOrientations_iPad = "UIInterfaceOrientationLandscapeLeft UIInterfaceOrientationLandscapeRight UIInterfaceOrientationPortrait UIInterfaceOrientationPortraitUpsideDown";
				LD_RUNPATH_SEARCH_PATHS = (
					"$(inherited)",
					"@executable_path/Frameworks",
				);
				MARKETING_VERSION = 1.0;
				PRODUCT_BUNDLE_IDENTIFIER = org.sesoft.hwSB303;
				PRODUCT_NAME = "$(TARGET_NAME)";
				SUPPORTED_PLATFORMS = "iphoneos iphonesimulator";
				SUPPORTS_MACCATALYST = NO;
				SUPPORTS_MAC_DESIGNED_FOR_IPHONE_IPAD = NO;
				SWIFT_EMIT_LOC_STRINGS = YES;
				SWIFT_VERSION = 5.0;
				TARGETED_DEVICE_FAMILY = 1;
			};
			name = Release;
		};
/* End XCBuildConfiguration section */

/* Begin XCConfigurationList section */
		D5D414792A4F7A7700252619 /* Build configuration list for PBXProject "hwSB303" */ = {
			isa = XCConfigurationList;
			buildConfigurations = (
				D5D414902A4F7A7900252619 /* Debug */,
				D5D414912A4F7A7900252619 /* Release */,
			);
			defaultConfigurationIsVisible = 0;
			defaultConfigurationName = Release;
		};
		D5D414922A4F7A7900252619 /* Build configuration list for PBXNativeTarget "hwSB303" */ = {
			isa = XCConfigurationList;
			buildConfigurations = (
				D5D414932A4F7A7900252619 /* Debug */,
				D5D414942A4F7A7900252619 /* Release */,
			);
			defaultConfigurationIsVisible = 0;
			defaultConfigurationName = Release;
		};
/* End XCConfigurationList section */

/* Begin XCRemoteSwiftPackageReference section */
		D51090652A7AEEAC003CC11E /* XCRemoteSwiftPackageReference "Alamofire" */ = {
			isa = XCRemoteSwiftPackageReference;
			repositoryURL = "https://github.com/Alamofire/Alamofire.git";
			requirement = {
				kind = exactVersion;
				version = 5.7.1;
			};
		};
/* End XCRemoteSwiftPackageReference section */

/* Begin XCSwiftPackageProductDependency section */
		D51090662A7AEEAC003CC11E /* Alamofire */ = {
			isa = XCSwiftPackageProductDependency;
			package = D51090652A7AEEAC003CC11E /* XCRemoteSwiftPackageReference "Alamofire" */;
			productName = Alamofire;
		};
/* End XCSwiftPackageProductDependency section */
	};
	rootObject = D5D414762A4F7A7700252619 /* Project object */;
}
